
Microsoft Visual Studio Solution File, Format Version 12.00
# Visual Studio 15
VisualStudioVersion = 15.0.27703.2035
MinimumVisualStudioVersion = 10.0.40219.1
Project("{9A19103F-16F7-4668-BE54-9A1E7A4F7556}") = "OnlyOne", "OnlyOne\OnlyOne.csproj", "{586B7C9D-CDCA-43F2-ABD5-6231ECB2F6AE}"
EndProject
Project("{9A19103F-16F7-4668-BE54-9A1E7A4F7556}") = "OnlyOne.Model", "OnlyOne.Model\OnlyOne.Model.csproj", "{CF9F9FA6-0D51-47F4-B663-07DF1CE94E3E}"
EndProject
Project("{9A19103F-16F7-4668-BE54-9A1E7A4F7556}") = "OnlyOne.Weather", "OnlyOne.Weather\OnlyOne.Weather.csproj", "{9B5C2457-476A-495B-93CF-80B55CA8C7A4}"
EndProject
Project("{FAE04EC0-301F-11D3-BF4B-00C04F79EFBC}") = "OnlyOne.Camera", "OnlyOne.Camera\OnlyOne.Camera.csproj", "{8D2727F9-9BA1-499D-8A23-04BCF0E9E259}"
EndProject
Global
	GlobalSection(SolutionConfigurationPlatforms) = preSolution
		Debug|Any CPU = Debug|Any CPU
		Release|Any CPU = Release|Any CPU
	EndGlobalSection
	GlobalSection(ProjectConfigurationPlatforms) = postSolution
		{586B7C9D-CDCA-43F2-ABD5-6231ECB2F6AE}.Debug|Any CPU.ActiveCfg = Debug|Any CPU
		{586B7C9D-CDCA-43F2-ABD5-6231ECB2F6AE}.Debug|Any CPU.Build.0 = Debug|Any CPU
		{586B7C9D-CDCA-43F2-ABD5-6231ECB2F6AE}.Release|Any CPU.ActiveCfg = Release|Any CPU
		{586B7C9D-CDCA-43F2-ABD5-6231ECB2F6AE}.Release|Any CPU.Build.0 = Release|Any CPU
		{CF9F9FA6-0D51-47F4-B663-07DF1CE94E3E}.Debug|Any CPU.ActiveCfg = Debug|Any CPU
		{CF9F9FA6-0D51-47F4-B663-07DF1CE94E3E}.Debug|Any CPU.Build.0 = Debug|Any CPU
		{CF9F9FA6-0D51-47F4-B663-07DF1CE94E3E}.Release|Any CPU.ActiveCfg = Release|Any CPU
		{CF9F9FA6-0D51-47F4-B663-07DF1CE94E3E}.Release|Any CPU.Build.0 = Release|Any CPU
		{9B5C2457-476A-495B-93CF-80B55CA8C7A4}.Debug|Any CPU.ActiveCfg = Debug|Any CPU
		{9B5C2457-476A-495B-93CF-80B55CA8C7A4}.Debug|Any CPU.Build.0 = Debug|Any CPU
		{9B5C2457-476A-495B-93CF-80B55CA8C7A4}.Release|Any CPU.ActiveCfg = Release|Any CPU
		{9B5C2457-476A-495B-93CF-80B55CA8C7A4}.Release|Any CPU.Build.0 = Release|Any CPU
		{8D2727F9-9BA1-499D-8A23-04BCF0E9E259}.Debug|Any CPU.ActiveCfg = Debug|Any CPU
		{8D2727F9-9BA1-499D-8A23-04BCF0E9E259}.Debug|Any CPU.Build.0 = Debug|Any CPU
		{8D2727F9-9BA1-499D-8A23-04BCF0E9E259}.Release|Any CPU.ActiveCfg = Release|Any CPU
		{8D2727F9-9BA1-499D-8A23-04BCF0E9E259}.Release|Any CPU.Build.0 = Release|Any CPU
	EndGlobalSection
	GlobalSection(SolutionProperties) = preSolution
		HideSolutionNode = FALSE
	EndGlobalSection
	GlobalSection(ExtensibilityGlobals) = postSolution
		SolutionGuid = {0DB8A0E9-640A-40EA-B1C4-26AC1E74283A}
	EndGlobalSection
EndGlobal
